# This file is autogenerated, do not edit; changes may be undone by the next 'dep ensure'.


[[projects]]
  branch = "master"
  name = "github.com/quickfixgo/enum"
  packages = ["."]
  revision = "2cbed3730c3e92412b9a346fe45b5ddb1a9393da"

[[projects]]
  branch = "master"
  name = "github.com/quickfixgo/field"
  packages = ["."]
  revision = "74cea5ec78c70d357fb1ca68dfb26e299a28bbd0"

[[projects]]
  branch = "master"
  name = "github.com/quickfixgo/fix50sp2"
  packages = ["newordersingle"]
  revision = "aacf4747f57a91907ea6bec6d312382c599f47df"

[[projects]]
  branch = "master"
  name = "github.com/quickfixgo/fixt11"
  packages = ["."]
  revision = "d9788ca97f5dc3ec16c4dfdc6e05f201385d88ee"

[[projects]]
  name = "github.com/quickfixgo/quickfix"
  packages = [
    ".",
    "config",
    "datadictionary",
    "enum",
    "internal"
  ]
  revision = "90abc7fbcb82e4f15f75a593ea947667810c019e"
  version = "v0.6.0"

[[projects]]
  branch = "master"
  name = "github.com/quickfixgo/tag"
  packages = ["."]
  revision = "cbb4657605213a387c5ec1534192671a92c825c3"

[[projects]]
  name = "github.com/satori/go.uuid"
  packages = ["."]
  revision = "f58768cc1a7a7e77a3bd49e98cdd21419399b6a3"
  version = "v1.2.0"

[[projects]]
  name = "github.com/shopspring/decimal"
  packages = ["."]
  revision = "69b3a8ad1f5f2c8bd855cb6506d18593064a346b"
  version = "1.0.1"

[solve-meta]
  analyzer-name = "dep"
  analyzer-version = 1
  inputs-digest = "ef19d754a9448478800248675a57cff9066689fcd2a5adac54229359912da957"
  solver-name = "gps-cdcl"
  solver-version = 1
